
Microsoft Visual Studio Solution File, Format Version 12.00
# Visual Studio Version 17
VisualStudioVersion = 17.2.32516.85
MinimumVisualStudioVersion = 10.0.40219.1
Project("{2150E333-8FDC-42A3-9474-1A3956D46DE8}") = "Services", "Services", "{A8041E16-706B-473B-BD5C-77D685412A0B}"
EndProject
Project("{2150E333-8FDC-42A3-9474-1A3956D46DE8}") = "Catalog", "Catalog", "{36BF2175-228E-404A-B431-DB7A8050C44E}"
EndProject
Project("{9A19103F-16F7-4668-BE54-9A1E7A4F7556}") = "FreeCourse.Services.Catalog", "Services\Catalog\FreeCourse.Services.Catalog\FreeCourse.Services.Catalog.csproj", "{DE81C086-6D17-48D7-8166-C5E014B818B1}"
EndProject
Project("{2150E333-8FDC-42A3-9474-1A3956D46DE8}") = "Solution Items", "Solution Items", "{36CD81E5-FE30-470E-B556-A22AE0286C8E}"
	ProjectSection(SolutionItems) = preProject
		DiscountTableSql.txt = DiscountTableSql.txt
		Port.txt = Port.txt
	EndProjectSection
EndProject
Project("{2150E333-8FDC-42A3-9474-1A3956D46DE8}") = "Shared", "Shared", "{93487A12-0851-4F04-9D5D-4CFCDA0ECBD0}"
EndProject
Project("{9A19103F-16F7-4668-BE54-9A1E7A4F7556}") = "FreeCourse.Shared", "Shared\FreeCources.Shared\FreeCourse.Shared.csproj", "{85D56049-4200-4D0D-8B0C-DFD8EE62F078}"
EndProject
Project("{2150E333-8FDC-42A3-9474-1A3956D46DE8}") = "IdentityServer", "IdentityServer", "{09DFDB46-4B97-443C-8A91-49182C3825E8}"
EndProject
Project("{9A19103F-16F7-4668-BE54-9A1E7A4F7556}") = "FreeCourse.IdentityServer", "IdentityServer\FreeCourse.IdentityServer\FreeCourse.IdentityServer.csproj", "{CEA5E0B2-88A5-4C91-AE57-3C495C200B34}"
EndProject
Project("{2150E333-8FDC-42A3-9474-1A3956D46DE8}") = "PhotoStock", "PhotoStock", "{BF3A0514-189A-47F5-8A9D-038C7F12C1BA}"
EndProject
Project("{9A19103F-16F7-4668-BE54-9A1E7A4F7556}") = "FreeCourse.Services.PhotoStock", "Services\PhotoStock\FreeCourse.Services.PhotoStock\FreeCourse.Services.PhotoStock.csproj", "{5A2646C5-8CAB-4224-A9FE-66128D92AF0E}"
EndProject
Project("{2150E333-8FDC-42A3-9474-1A3956D46DE8}") = "Basket", "Basket", "{660E665B-4E01-42CE-A480-7DCACF7655DB}"
EndProject
Project("{9A19103F-16F7-4668-BE54-9A1E7A4F7556}") = "FreeCourses.Services.Basket", "Services\Basket\FreeCourses.Services.Basket\FreeCourses.Services.Basket.csproj", "{E2E87A28-FE06-481B-853B-84C83A29B205}"
EndProject
Project("{2150E333-8FDC-42A3-9474-1A3956D46DE8}") = "Discount", "Discount", "{6526A51B-FA59-489E-9F4E-AFF285FA0F9D}"
EndProject
Project("{9A19103F-16F7-4668-BE54-9A1E7A4F7556}") = "FreeCourse.Services.Discount", "Services\Discount\FreeCourse.Services.Discount\FreeCourse.Services.Discount.csproj", "{074E735B-3EA9-43CB-B27E-23088803F72B}"
EndProject
Project("{2150E333-8FDC-42A3-9474-1A3956D46DE8}") = "Order", "Order", "{C770771A-FB6B-473A-9CE9-4A73FD1B2683}"
EndProject
Project("{9A19103F-16F7-4668-BE54-9A1E7A4F7556}") = "FreeCourse.Services.Order.API", "Services\Order\FreeCourse.Services.Order.API\FreeCourse.Services.Order.API.csproj", "{F96C335A-138B-4AD2-A37F-C6E7DB23F4FA}"
EndProject
Project("{9A19103F-16F7-4668-BE54-9A1E7A4F7556}") = "FreeCourse.Services.Order.Application", "Services\Order\FreeCourse.Services.Order.Application\FreeCourse.Services.Order.Application.csproj", "{3233D92F-40BD-4702-9739-08E4DB1E1C6A}"
EndProject
Project("{9A19103F-16F7-4668-BE54-9A1E7A4F7556}") = "FreeCourse.Services.Order.Domain", "Services\Order\FreeCourse.Services.Order.Domain\FreeCourse.Services.Order.Domain.csproj", "{0605ED0D-5A8D-4C94-9B13-03F90AAF3296}"
EndProject
Project("{9A19103F-16F7-4668-BE54-9A1E7A4F7556}") = "FreeCourse.Services.Order.Domain.Core", "Services\Order\FreeCourse.Services.Order.Domain.Core\FreeCourse.Services.Order.Domain.Core.csproj", "{6A3C0942-F15F-4D04-8946-3D8A8486E81A}"
EndProject
Project("{9A19103F-16F7-4668-BE54-9A1E7A4F7556}") = "FreeCourse.Services.Order.Infrastructure", "Services\Order\FreeCourse.Services.Order.Infrastructure\FreeCourse.Services.Order.Infrastructure.csproj", "{0B23A9E6-BA33-4952-87D7-A024473B5363}"
EndProject
Project("{2150E333-8FDC-42A3-9474-1A3956D46DE8}") = "FakePayment", "FakePayment", "{B2DE9693-310A-43D1-A81F-8CDE1C3B6B13}"
EndProject
Project("{FAE04EC0-301F-11D3-BF4B-00C04F79EFBC}") = "FreeCourse.Services.FakePayment", "Services\FakePayment\FreeCourse.Services.FakePayment\FreeCourse.Services.FakePayment.csproj", "{E5D646D5-9509-4885-AD90-A97E5A848129}"
EndProject
Project("{2150E333-8FDC-42A3-9474-1A3956D46DE8}") = "Gateways", "Gateways", "{383FF2EE-6E6A-4E16-B5A6-8FC9F958B7F7}"
EndProject
Project("{FAE04EC0-301F-11D3-BF4B-00C04F79EFBC}") = "FreeCourse.Gateway", "Gateways\FreeCourse.Gateway\FreeCourse.Gateway.csproj", "{DE9B52AC-182B-4590-A5A6-074B443AF59A}"
EndProject
Global
	GlobalSection(SolutionConfigurationPlatforms) = preSolution
		Debug|Any CPU = Debug|Any CPU
		Release|Any CPU = Release|Any CPU
	EndGlobalSection
	GlobalSection(ProjectConfigurationPlatforms) = postSolution
		{DE81C086-6D17-48D7-8166-C5E014B818B1}.Debug|Any CPU.ActiveCfg = Debug|Any CPU
		{DE81C086-6D17-48D7-8166-C5E014B818B1}.Debug|Any CPU.Build.0 = Debug|Any CPU
		{DE81C086-6D17-48D7-8166-C5E014B818B1}.Release|Any CPU.ActiveCfg = Release|Any CPU
		{DE81C086-6D17-48D7-8166-C5E014B818B1}.Release|Any CPU.Build.0 = Release|Any CPU
		{85D56049-4200-4D0D-8B0C-DFD8EE62F078}.Debug|Any CPU.ActiveCfg = Debug|Any CPU
		{85D56049-4200-4D0D-8B0C-DFD8EE62F078}.Debug|Any CPU.Build.0 = Debug|Any CPU
		{85D56049-4200-4D0D-8B0C-DFD8EE62F078}.Release|Any CPU.ActiveCfg = Release|Any CPU
		{85D56049-4200-4D0D-8B0C-DFD8EE62F078}.Release|Any CPU.Build.0 = Release|Any CPU
		{CEA5E0B2-88A5-4C91-AE57-3C495C200B34}.Debug|Any CPU.ActiveCfg = Debug|Any CPU
		{CEA5E0B2-88A5-4C91-AE57-3C495C200B34}.Debug|Any CPU.Build.0 = Debug|Any CPU
		{CEA5E0B2-88A5-4C91-AE57-3C495C200B34}.Release|Any CPU.ActiveCfg = Release|Any CPU
		{CEA5E0B2-88A5-4C91-AE57-3C495C200B34}.Release|Any CPU.Build.0 = Release|Any CPU
		{5A2646C5-8CAB-4224-A9FE-66128D92AF0E}.Debug|Any CPU.ActiveCfg = Debug|Any CPU
		{5A2646C5-8CAB-4224-A9FE-66128D92AF0E}.Debug|Any CPU.Build.0 = Debug|Any CPU
		{5A2646C5-8CAB-4224-A9FE-66128D92AF0E}.Release|Any CPU.ActiveCfg = Release|Any CPU
		{5A2646C5-8CAB-4224-A9FE-66128D92AF0E}.Release|Any CPU.Build.0 = Release|Any CPU
		{E2E87A28-FE06-481B-853B-84C83A29B205}.Debug|Any CPU.ActiveCfg = Debug|Any CPU
		{E2E87A28-FE06-481B-853B-84C83A29B205}.Debug|Any CPU.Build.0 = Debug|Any CPU
		{E2E87A28-FE06-481B-853B-84C83A29B205}.Release|Any CPU.ActiveCfg = Release|Any CPU
		{E2E87A28-FE06-481B-853B-84C83A29B205}.Release|Any CPU.Build.0 = Release|Any CPU
		{074E735B-3EA9-43CB-B27E-23088803F72B}.Debug|Any CPU.ActiveCfg = Debug|Any CPU
		{074E735B-3EA9-43CB-B27E-23088803F72B}.Debug|Any CPU.Build.0 = Debug|Any CPU
		{074E735B-3EA9-43CB-B27E-23088803F72B}.Release|Any CPU.ActiveCfg = Release|Any CPU
		{074E735B-3EA9-43CB-B27E-23088803F72B}.Release|Any CPU.Build.0 = Release|Any CPU
		{F96C335A-138B-4AD2-A37F-C6E7DB23F4FA}.Debug|Any CPU.ActiveCfg = Debug|Any CPU
		{F96C335A-138B-4AD2-A37F-C6E7DB23F4FA}.Debug|Any CPU.Build.0 = Debug|Any CPU
		{F96C335A-138B-4AD2-A37F-C6E7DB23F4FA}.Release|Any CPU.ActiveCfg = Release|Any CPU
		{F96C335A-138B-4AD2-A37F-C6E7DB23F4FA}.Release|Any CPU.Build.0 = Release|Any CPU
		{3233D92F-40BD-4702-9739-08E4DB1E1C6A}.Debug|Any CPU.ActiveCfg = Debug|Any CPU
		{3233D92F-40BD-4702-9739-08E4DB1E1C6A}.Debug|Any CPU.Build.0 = Debug|Any CPU
		{3233D92F-40BD-4702-9739-08E4DB1E1C6A}.Release|Any CPU.ActiveCfg = Release|Any CPU
		{3233D92F-40BD-4702-9739-08E4DB1E1C6A}.Release|Any CPU.Build.0 = Release|Any CPU
		{0605ED0D-5A8D-4C94-9B13-03F90AAF3296}.Debug|Any CPU.ActiveCfg = Debug|Any CPU
		{0605ED0D-5A8D-4C94-9B13-03F90AAF3296}.Debug|Any CPU.Build.0 = Debug|Any CPU
		{0605ED0D-5A8D-4C94-9B13-03F90AAF3296}.Release|Any CPU.ActiveCfg = Release|Any CPU
		{0605ED0D-5A8D-4C94-9B13-03F90AAF3296}.Release|Any CPU.Build.0 = Release|Any CPU
		{6A3C0942-F15F-4D04-8946-3D8A8486E81A}.Debug|Any CPU.ActiveCfg = Debug|Any CPU
		{6A3C0942-F15F-4D04-8946-3D8A8486E81A}.Debug|Any CPU.Build.0 = Debug|Any CPU
		{6A3C0942-F15F-4D04-8946-3D8A8486E81A}.Release|Any CPU.ActiveCfg = Release|Any CPU
		{6A3C0942-F15F-4D04-8946-3D8A8486E81A}.Release|Any CPU.Build.0 = Release|Any CPU
		{0B23A9E6-BA33-4952-87D7-A024473B5363}.Debug|Any CPU.ActiveCfg = Debug|Any CPU
		{0B23A9E6-BA33-4952-87D7-A024473B5363}.Debug|Any CPU.Build.0 = Debug|Any CPU
		{0B23A9E6-BA33-4952-87D7-A024473B5363}.Release|Any CPU.ActiveCfg = Release|Any CPU
		{0B23A9E6-BA33-4952-87D7-A024473B5363}.Release|Any CPU.Build.0 = Release|Any CPU
		{E5D646D5-9509-4885-AD90-A97E5A848129}.Debug|Any CPU.ActiveCfg = Debug|Any CPU
		{E5D646D5-9509-4885-AD90-A97E5A848129}.Debug|Any CPU.Build.0 = Debug|Any CPU
		{E5D646D5-9509-4885-AD90-A97E5A848129}.Release|Any CPU.ActiveCfg = Release|Any CPU
		{E5D646D5-9509-4885-AD90-A97E5A848129}.Release|Any CPU.Build.0 = Release|Any CPU
		{DE9B52AC-182B-4590-A5A6-074B443AF59A}.Debug|Any CPU.ActiveCfg = Debug|Any CPU
		{DE9B52AC-182B-4590-A5A6-074B443AF59A}.Debug|Any CPU.Build.0 = Debug|Any CPU
		{DE9B52AC-182B-4590-A5A6-074B443AF59A}.Release|Any CPU.ActiveCfg = Release|Any CPU
		{DE9B52AC-182B-4590-A5A6-074B443AF59A}.Release|Any CPU.Build.0 = Release|Any CPU
	EndGlobalSection
	GlobalSection(SolutionProperties) = preSolution
		HideSolutionNode = FALSE
	EndGlobalSection
	GlobalSection(NestedProjects) = preSolution
		{36BF2175-228E-404A-B431-DB7A8050C44E} = {A8041E16-706B-473B-BD5C-77D685412A0B}
		{DE81C086-6D17-48D7-8166-C5E014B818B1} = {36BF2175-228E-404A-B431-DB7A8050C44E}
		{85D56049-4200-4D0D-8B0C-DFD8EE62F078} = {93487A12-0851-4F04-9D5D-4CFCDA0ECBD0}
		{CEA5E0B2-88A5-4C91-AE57-3C495C200B34} = {09DFDB46-4B97-443C-8A91-49182C3825E8}
		{BF3A0514-189A-47F5-8A9D-038C7F12C1BA} = {A8041E16-706B-473B-BD5C-77D685412A0B}
		{5A2646C5-8CAB-4224-A9FE-66128D92AF0E} = {BF3A0514-189A-47F5-8A9D-038C7F12C1BA}
		{660E665B-4E01-42CE-A480-7DCACF7655DB} = {A8041E16-706B-473B-BD5C-77D685412A0B}
		{E2E87A28-FE06-481B-853B-84C83A29B205} = {660E665B-4E01-42CE-A480-7DCACF7655DB}
		{6526A51B-FA59-489E-9F4E-AFF285FA0F9D} = {A8041E16-706B-473B-BD5C-77D685412A0B}
		{074E735B-3EA9-43CB-B27E-23088803F72B} = {6526A51B-FA59-489E-9F4E-AFF285FA0F9D}
		{C770771A-FB6B-473A-9CE9-4A73FD1B2683} = {A8041E16-706B-473B-BD5C-77D685412A0B}
		{F96C335A-138B-4AD2-A37F-C6E7DB23F4FA} = {C770771A-FB6B-473A-9CE9-4A73FD1B2683}
		{3233D92F-40BD-4702-9739-08E4DB1E1C6A} = {C770771A-FB6B-473A-9CE9-4A73FD1B2683}
		{0605ED0D-5A8D-4C94-9B13-03F90AAF3296} = {C770771A-FB6B-473A-9CE9-4A73FD1B2683}
		{6A3C0942-F15F-4D04-8946-3D8A8486E81A} = {C770771A-FB6B-473A-9CE9-4A73FD1B2683}
		{0B23A9E6-BA33-4952-87D7-A024473B5363} = {C770771A-FB6B-473A-9CE9-4A73FD1B2683}
		{B2DE9693-310A-43D1-A81F-8CDE1C3B6B13} = {A8041E16-706B-473B-BD5C-77D685412A0B}
		{E5D646D5-9509-4885-AD90-A97E5A848129} = {B2DE9693-310A-43D1-A81F-8CDE1C3B6B13}
		{DE9B52AC-182B-4590-A5A6-074B443AF59A} = {383FF2EE-6E6A-4E16-B5A6-8FC9F958B7F7}
	EndGlobalSection
	GlobalSection(ExtensibilityGlobals) = postSolution
		SolutionGuid = {9E499454-D849-494D-90BF-99136AD1C7DD}
	EndGlobalSection
EndGlobal
