
Microsoft Visual Studio Solution File, Format Version 12.00
# Visual Studio Version 16
VisualStudioVersion = 16.0.30717.126
MinimumVisualStudioVersion = 10.0.40219.1
Project("{2150E333-8FDC-42A3-9474-1A3956D46DE8}") = "Services", "Services", "{A8041E16-706B-473B-BD5C-77D685412A0B}"
EndProject
Project("{2150E333-8FDC-42A3-9474-1A3956D46DE8}") = "Catalog", "Catalog", "{36BF2175-228E-404A-B431-DB7A8050C44E}"
EndProject
Project("{FAE04EC0-301F-11D3-BF4B-00C04F79EFBC}") = "FreeCourse.Services.Catalog", "Services\Catalog\FreeCourse.Services.Catalog\FreeCourse.Services.Catalog.csproj", "{DE81C086-6D17-48D7-8166-C5E014B818B1}"
EndProject
Project("{2150E333-8FDC-42A3-9474-1A3956D46DE8}") = "Solution Items", "Solution Items", "{36CD81E5-FE30-470E-B556-A22AE0286C8E}"
	ProjectSection(SolutionItems) = preProject
		Port.txt = Port.txt
	EndProjectSection
EndProject
Project("{2150E333-8FDC-42A3-9474-1A3956D46DE8}") = "Shared", "Shared", "{93487A12-0851-4F04-9D5D-4CFCDA0ECBD0}"
EndProject
Project("{FAE04EC0-301F-11D3-BF4B-00C04F79EFBC}") = "FreeCources.Shared", "Shared\FreeCources.Shared\FreeCources.Shared.csproj", "{85D56049-4200-4D0D-8B0C-DFD8EE62F078}"
EndProject
Global
	GlobalSection(SolutionConfigurationPlatforms) = preSolution
		Debug|Any CPU = Debug|Any CPU
		Release|Any CPU = Release|Any CPU
	EndGlobalSection
	GlobalSection(ProjectConfigurationPlatforms) = postSolution
		{DE81C086-6D17-48D7-8166-C5E014B818B1}.Debug|Any CPU.ActiveCfg = Debug|Any CPU
		{DE81C086-6D17-48D7-8166-C5E014B818B1}.Debug|Any CPU.Build.0 = Debug|Any CPU
		{DE81C086-6D17-48D7-8166-C5E014B818B1}.Release|Any CPU.ActiveCfg = Release|Any CPU
		{DE81C086-6D17-48D7-8166-C5E014B818B1}.Release|Any CPU.Build.0 = Release|Any CPU
		{85D56049-4200-4D0D-8B0C-DFD8EE62F078}.Debug|Any CPU.ActiveCfg = Debug|Any CPU
		{85D56049-4200-4D0D-8B0C-DFD8EE62F078}.Debug|Any CPU.Build.0 = Debug|Any CPU
		{85D56049-4200-4D0D-8B0C-DFD8EE62F078}.Release|Any CPU.ActiveCfg = Release|Any CPU
		{85D56049-4200-4D0D-8B0C-DFD8EE62F078}.Release|Any CPU.Build.0 = Release|Any CPU
	EndGlobalSection
	GlobalSection(SolutionProperties) = preSolution
		HideSolutionNode = FALSE
	EndGlobalSection
	GlobalSection(NestedProjects) = preSolution
		{36BF2175-228E-404A-B431-DB7A8050C44E} = {A8041E16-706B-473B-BD5C-77D685412A0B}
		{DE81C086-6D17-48D7-8166-C5E014B818B1} = {36BF2175-228E-404A-B431-DB7A8050C44E}
		{85D56049-4200-4D0D-8B0C-DFD8EE62F078} = {93487A12-0851-4F04-9D5D-4CFCDA0ECBD0}
	EndGlobalSection
	GlobalSection(ExtensibilityGlobals) = postSolution
		SolutionGuid = {9E499454-D849-494D-90BF-99136AD1C7DD}
	EndGlobalSection
EndGlobal
